{
  "name": "opencode_sdk_demo",
  "version": "1.0.0",
  "lockfileVersion": 3,
  "requires": true,
  "packages": {
    "": {
      "name": "opencode_sdk_demo",
      "version": "1.0.0",
      "license": "ISC",
      "dependencies": {
        "@opencode-ai/sdk": "^1.2.15"
      }
    },
    "node_modules/@opencode-ai/sdk": {
      "version": "1.2.15",
      "resolved": "http://mirrors.tencentyun.com/npm/@opencode-ai/sdk/-/sdk-1.2.15.tgz",
      "integrity": "sha512-NUJNlyBCdZ4R0EBLjJziEQOp2XbRPJosaMcTcWSWO5XJPKGUpz0u8ql+5cR8K+v2RJ+hp2NobtNwpjEYfe6BRQ==",
      "license": "MIT"
    }
  }
}
